// !$*UTF8*$!
{
	archiveVersion = 1;
	classes = {
	};
	objectVersion = 46;
	objects = {

/* Begin PBXBuildFile section */
		DA2913851CBFE4C300A66DCC /* brand.xcassets in Resources */ = {isa = PBXBuildFile; fileRef = DA2913841CBFE4C300A66DCC /* brand.xcassets */; };
		DA2913881CBFF0A400A66DCC /* clanding.m in Sources */ = {isa = PBXBuildFile; fileRef = DA2913871CBFF0A400A66DCC /* clanding.m */; };
		DA29138B1CBFF2A300A66DCC /* vlanding.m in Sources */ = {isa = PBXBuildFile; fileRef = DA29138A1CBFF2A300A66DCC /* vlanding.m */; };
		DA29138F1CBFF4A300A66DCC /* clogin.m in Sources */ = {isa = PBXBuildFile; fileRef = DA29138E1CBFF4A300A66DCC /* clogin.m */; };
		DA2913931CBFF4E400A66DCC /* vlogin.m in Sources */ = {isa = PBXBuildFile; fileRef = DA2913921CBFF4E400A66DCC /* vlogin.m */; };
		DA2913961CBFFF1500A66DCC /* uibutton+uibuttonmain.m in Sources */ = {isa = PBXBuildFile; fileRef = DA2913951CBFFF1500A66DCC /* uibutton+uibuttonmain.m */; };
		DA29139B1CC0055200A66DCC /* cprofile.m in Sources */ = {isa = PBXBuildFile; fileRef = DA29139A1CC0055200A66DCC /* cprofile.m */; };
		DA29139E1CC0056300A66DCC /* vprofile.m in Sources */ = {isa = PBXBuildFile; fileRef = DA29139D1CC0056300A66DCC /* vprofile.m */; };
		DA2913A01CC0066E00A66DCC /* generic.xcassets in Resources */ = {isa = PBXBuildFile; fileRef = DA29139F1CC0066E00A66DCC /* generic.xcassets */; };
		DA2913A31CC0079500A66DCC /* vchimi.m in Sources */ = {isa = PBXBuildFile; fileRef = DA2913A21CC0079500A66DCC /* vchimi.m */; };
		DA2913A61CC02AD800A66DCC /* vprofilebar.m in Sources */ = {isa = PBXBuildFile; fileRef = DA2913A51CC02AD800A66DCC /* vprofilebar.m */; };
		DA2913A91CC0340300A66DCC /* vprofilepicture.m in Sources */ = {isa = PBXBuildFile; fileRef = DA2913A81CC0340300A66DCC /* vprofilepicture.m */; };
		DA2913AB1CC039DC00A66DCC /* profile.xcassets in Resources */ = {isa = PBXBuildFile; fileRef = DA2913AA1CC039DC00A66DCC /* profile.xcassets */; };
		DA2913AE1CC04A4C00A66DCC /* vprofilealert.m in Sources */ = {isa = PBXBuildFile; fileRef = DA2913AD1CC04A4C00A66DCC /* vprofilealert.m */; };
		DA2913B11CC0526200A66DCC /* vprofilename.m in Sources */ = {isa = PBXBuildFile; fileRef = DA2913B01CC0526200A66DCC /* vprofilename.m */; };
		DA2913B51CC0592B00A66DCC /* cemployee.m in Sources */ = {isa = PBXBuildFile; fileRef = DA2913B41CC0592B00A66DCC /* cemployee.m */; };
		DA2913B91CC0594900A66DCC /* vemployee.m in Sources */ = {isa = PBXBuildFile; fileRef = DA2913B81CC0594900A66DCC /* vemployee.m */; };
		DA2913BC1CC061D700A66DCC /* vemployeebar.m in Sources */ = {isa = PBXBuildFile; fileRef = DA2913BB1CC061D700A66DCC /* vemployeebar.m */; };
		DA2913BF1CC06DB800A66DCC /* vemployeecell.m in Sources */ = {isa = PBXBuildFile; fileRef = DA2913BE1CC06DB800A66DCC /* vemployeecell.m */; };
		DA3E77261CC58E1400840500 /* vemployeeskillbar.m in Sources */ = {isa = PBXBuildFile; fileRef = DA3E77251CC58E1400840500 /* vemployeeskillbar.m */; };
		DA3E77291CC58F6900840500 /* vemployeeskillcell.m in Sources */ = {isa = PBXBuildFile; fileRef = DA3E77281CC58F6900840500 /* vemployeeskillcell.m */; };
		DA3E772C1CC591E100840500 /* vemployeeskillheader.m in Sources */ = {isa = PBXBuildFile; fileRef = DA3E772B1CC591E100840500 /* vemployeeskillheader.m */; };
		DA6C49F81CBFDC0E00406C44 /* chimichamba.db in Resources */ = {isa = PBXBuildFile; fileRef = DA6C498E1CBFDC0E00406C44 /* chimichamba.db */; };
		DA6C49F91CBFDC0E00406C44 /* analytics.plist in Resources */ = {isa = PBXBuildFile; fileRef = DA6C49911CBFDC0E00406C44 /* analytics.plist */; };
		DA6C49FA1CBFDC0E00406C44 /* defs.plist in Resources */ = {isa = PBXBuildFile; fileRef = DA6C49921CBFDC0E00406C44 /* defs.plist */; };
		DA6C49FB1CBFDC0E00406C44 /* Localizable.strings in Resources */ = {isa = PBXBuildFile; fileRef = DA6C49931CBFDC0E00406C44 /* Localizable.strings */; };
		DA6C49FC1CBFDC0E00406C44 /* appdel.m in Sources */ = {isa = PBXBuildFile; fileRef = DA6C49991CBFDC0E00406C44 /* appdel.m */; };
		DA6C49FE1CBFDC0E00406C44 /* main.m in Sources */ = {isa = PBXBuildFile; fileRef = DA6C499B1CBFDC0E00406C44 /* main.m */; };
		DA6C49FF1CBFDC0E00406C44 /* analytics.m in Sources */ = {isa = PBXBuildFile; fileRef = DA6C499E1CBFDC0E00406C44 /* analytics.m */; };
		DA6C4A001CBFDC0E00406C44 /* nsnotification+nsnotificationmain.m in Sources */ = {isa = PBXBuildFile; fileRef = DA6C49A11CBFDC0E00406C44 /* nsnotification+nsnotificationmain.m */; };
		DA6C4A011CBFDC0E00406C44 /* tools.m in Sources */ = {isa = PBXBuildFile; fileRef = DA6C49A31CBFDC0E00406C44 /* tools.m */; };
		DA6C4A021CBFDC0E00406C44 /* uicolor+uicolormain.m in Sources */ = {isa = PBXBuildFile; fileRef = DA6C49A51CBFDC0E00406C44 /* uicolor+uicolormain.m */; };
		DA6C4A031CBFDC0E00406C44 /* uifont+uifontmain.m in Sources */ = {isa = PBXBuildFile; fileRef = DA6C49A71CBFDC0E00406C44 /* uifont+uifontmain.m */; };
		DA6C4A041CBFDC0E00406C44 /* updater.m in Sources */ = {isa = PBXBuildFile; fileRef = DA6C49A91CBFDC0E00406C44 /* updater.m */; };
		DA6C4A051CBFDC0E00406C44 /* libdb.a in Frameworks */ = {isa = PBXBuildFile; fileRef = DA6C49AD1CBFDC0E00406C44 /* libdb.a */; };
		DA6C4A061CBFDC0E00406C44 /* libtimerbg.a in Frameworks */ = {isa = PBXBuildFile; fileRef = DA6C49AE1CBFDC0E00406C44 /* libtimerbg.a */; };
		DA6C4A071CBFDC0E00406C44 /* acall.m in Sources */ = {isa = PBXBuildFile; fileRef = DA6C49B71CBFDC0E00406C44 /* acall.m */; };
		DA6C4A081CBFDC0E00406C44 /* amanager.m in Sources */ = {isa = PBXBuildFile; fileRef = DA6C49BA1CBFDC0E00406C44 /* amanager.m */; };
		DA6C4A091CBFDC0E00406C44 /* aparser.m in Sources */ = {isa = PBXBuildFile; fileRef = DA6C49BD1CBFDC0E00406C44 /* aparser.m */; };
		DA6C4A0B1CBFDC0E00406C44 /* cmain.m in Sources */ = {isa = PBXBuildFile; fileRef = DA6C49C31CBFDC0E00406C44 /* cmain.m */; };
		DA6C4A0C1CBFDC0E00406C44 /* cpages.m in Sources */ = {isa = PBXBuildFile; fileRef = DA6C49C51CBFDC0E00406C44 /* cpages.m */; };
		DA6C4A0E1CBFDC0E00406C44 /* mdb.m in Sources */ = {isa = PBXBuildFile; fileRef = DA6C49CC1CBFDC0E00406C44 /* mdb.m */; };
		DA6C4A0F1CBFDC0E00406C44 /* mdbcreate.m in Sources */ = {isa = PBXBuildFile; fileRef = DA6C49CE1CBFDC0E00406C44 /* mdbcreate.m */; };
		DA6C4A101CBFDC0E00406C44 /* mdirs.m in Sources */ = {isa = PBXBuildFile; fileRef = DA6C49D11CBFDC0E00406C44 /* mdirs.m */; };
		DA6C4A111CBFDC0E00406C44 /* msettings.m in Sources */ = {isa = PBXBuildFile; fileRef = DA6C49D51CBFDC0E00406C44 /* msettings.m */; };
		DA6C4A171CBFDC0E00406C44 /* valert.m in Sources */ = {isa = PBXBuildFile; fileRef = DA6C49E51CBFDC0E00406C44 /* valert.m */; };
		DA6C4A181CBFDC0E00406C44 /* vblur.m in Sources */ = {isa = PBXBuildFile; fileRef = DA6C49E71CBFDC0E00406C44 /* vblur.m */; };
		DA6C4A1A1CBFDC0E00406C44 /* vspinner.m in Sources */ = {isa = PBXBuildFile; fileRef = DA6C49EB1CBFDC0E00406C44 /* vspinner.m */; };
		DA8F3E4A1CC51B2900DE2749 /* memployee.m in Sources */ = {isa = PBXBuildFile; fileRef = DA8F3E491CC51B2900DE2749 /* memployee.m */; };
		DA8F3E4D1CC51B4700DE2749 /* memployeeitem.m in Sources */ = {isa = PBXBuildFile; fileRef = DA8F3E4C1CC51B4700DE2749 /* memployeeitem.m */; };
		DA8F3E501CC51B7B00DE2749 /* memployeeitemacademics.m in Sources */ = {isa = PBXBuildFile; fileRef = DA8F3E4F1CC51B7B00DE2749 /* memployeeitemacademics.m */; };
		DA8F3E531CC51BF300DE2749 /* memployeeitemskill.m in Sources */ = {isa = PBXBuildFile; fileRef = DA8F3E521CC51BF300DE2749 /* memployeeitemskill.m */; };
		DA8F3E561CC51C0000DE2749 /* memployeeitemexperience.m in Sources */ = {isa = PBXBuildFile; fileRef = DA8F3E551CC51C0000DE2749 /* memployeeitemexperience.m */; };
		DA8F3E591CC51C0F00DE2749 /* memployeeitemdescr.m in Sources */ = {isa = PBXBuildFile; fileRef = DA8F3E581CC51C0F00DE2749 /* memployeeitemdescr.m */; };
		DA8F3E5C1CC51C2E00DE2749 /* memployeeitemlocation.m in Sources */ = {isa = PBXBuildFile; fileRef = DA8F3E5B1CC51C2E00DE2749 /* memployeeitemlocation.m */; };
		DA8F3E5F1CC51F6E00DE2749 /* vemployeecellacademics.m in Sources */ = {isa = PBXBuildFile; fileRef = DA8F3E5E1CC51F6E00DE2749 /* vemployeecellacademics.m */; };
		DA8F3E621CC51FAC00DE2749 /* vemployeecellskill.m in Sources */ = {isa = PBXBuildFile; fileRef = DA8F3E611CC51FAC00DE2749 /* vemployeecellskill.m */; };
		DA8F3E651CC51FB700DE2749 /* vemployeecellexperience.m in Sources */ = {isa = PBXBuildFile; fileRef = DA8F3E641CC51FB700DE2749 /* vemployeecellexperience.m */; };
		DA8F3E681CC51FC300DE2749 /* vemployeecelldescr.m in Sources */ = {isa = PBXBuildFile; fileRef = DA8F3E671CC51FC300DE2749 /* vemployeecelldescr.m */; };
		DA8F3E6B1CC51FCE00DE2749 /* vemployeecelllocation.m in Sources */ = {isa = PBXBuildFile; fileRef = DA8F3E6A1CC51FCE00DE2749 /* vemployeecelllocation.m */; };
		DA8F3E741CC53EED00DE2749 /* memployeeitemacademicsitem.m in Sources */ = {isa = PBXBuildFile; fileRef = DA8F3E731CC53EED00DE2749 /* memployeeitemacademicsitem.m */; };
		DA8F3E771CC53F3100DE2749 /* memployeeitemacademicsitemhighschool.m in Sources */ = {isa = PBXBuildFile; fileRef = DA8F3E761CC53F3100DE2749 /* memployeeitemacademicsitemhighschool.m */; };
		DA8F3E7A1CC53F9400DE2749 /* memployeeitemacademicsitembachelor.m in Sources */ = {isa = PBXBuildFile; fileRef = DA8F3E791CC53F9400DE2749 /* memployeeitemacademicsitembachelor.m */; };
		DA8F3E7D1CC53FBC00DE2749 /* memployeeitemacademicsitempostgraduate.m in Sources */ = {isa = PBXBuildFile; fileRef = DA8F3E7C1CC53FBC00DE2749 /* memployeeitemacademicsitempostgraduate.m */; };
		DA8F3E801CC53FC500DE2749 /* memployeeitemacademicsitemother.m in Sources */ = {isa = PBXBuildFile; fileRef = DA8F3E7F1CC53FC500DE2749 /* memployeeitemacademicsitemother.m */; };
		DA8F3E821CC55B6700DE2749 /* employee.xcassets in Resources */ = {isa = PBXBuildFile; fileRef = DA8F3E811CC55B6700DE2749 /* employee.xcassets */; };
		DA8F3E851CC572A300DE2749 /* cemployeeskill.m in Sources */ = {isa = PBXBuildFile; fileRef = DA8F3E841CC572A300DE2749 /* cemployeeskill.m */; };
		DA8F3E8C1CC573D900DE2749 /* vemployeeskill.m in Sources */ = {isa = PBXBuildFile; fileRef = DA8F3E8B1CC573D900DE2749 /* vemployeeskill.m */; };
		DA8F3E901CC581CD00DE2749 /* mskill.m in Sources */ = {isa = PBXBuildFile; fileRef = DA8F3E8F1CC581CD00DE2749 /* mskill.m */; };
		DA8F3E931CC581D900DE2749 /* mskillcat.m in Sources */ = {isa = PBXBuildFile; fileRef = DA8F3E921CC581D900DE2749 /* mskillcat.m */; };
		DA8F3E961CC581F700DE2749 /* mskillcatprofession.m in Sources */ = {isa = PBXBuildFile; fileRef = DA8F3E951CC581F700DE2749 /* mskillcatprofession.m */; };
		DA8F3E991CC5820300DE2749 /* mskillcattrade.m in Sources */ = {isa = PBXBuildFile; fileRef = DA8F3E981CC5820300DE2749 /* mskillcattrade.m */; };
		DA8F3E9C1CC5828E00DE2749 /* mskillitem.m in Sources */ = {isa = PBXBuildFile; fileRef = DA8F3E9B1CC5828E00DE2749 /* mskillitem.m */; };
		DA8F3E9F1CC583F500DE2749 /* mskillitemprofessor.m in Sources */ = {isa = PBXBuildFile; fileRef = DA8F3E9E1CC583F500DE2749 /* mskillitemprofessor.m */; };
		DA8F3EA21CC5840700DE2749 /* mskillitemdoctor.m in Sources */ = {isa = PBXBuildFile; fileRef = DA8F3EA11CC5840700DE2749 /* mskillitemdoctor.m */; };
		DA8F3EA51CC5841A00DE2749 /* mskillitemcarpenter.m in Sources */ = {isa = PBXBuildFile; fileRef = DA8F3EA41CC5841A00DE2749 /* mskillitemcarpenter.m */; };
		DA8F3EA81CC5842500DE2749 /* mskillitemmecanic.m in Sources */ = {isa = PBXBuildFile; fileRef = DA8F3EA71CC5842500DE2749 /* mskillitemmecanic.m */; };
		DA8F3EAB1CC5845400DE2749 /* mskillitemdesigner.m in Sources */ = {isa = PBXBuildFile; fileRef = DA8F3EAA1CC5845400DE2749 /* mskillitemdesigner.m */; };
		DA8F3EAE1CC5845D00DE2749 /* mskillitemguard.m in Sources */ = {isa = PBXBuildFile; fileRef = DA8F3EAD1CC5845D00DE2749 /* mskillitemguard.m */; };
		DA8F3EB11CC5846700DE2749 /* mskillitemdriver.m in Sources */ = {isa = PBXBuildFile; fileRef = DA8F3EB01CC5846700DE2749 /* mskillitemdriver.m */; };
		DA94A9BA1CC7F7BD00828624 /* mskillitemplumber.m in Sources */ = {isa = PBXBuildFile; fileRef = DA94A9B91CC7F7BD00828624 /* mskillitemplumber.m */; };
		E3E1C86EB9E23595BBF7A4E9 /* libPods-chimichamba.a in Frameworks */ = {isa = PBXBuildFile; fileRef = D9B17ED0A59320EFF2F4C384 /* libPods-chimichamba.a */; };
/* End PBXBuildFile section */

/* Begin PBXFileReference section */
		7C2AF7B3A6A1DC15F911521E /* Pods-chimichamba.release.xcconfig */ = {isa = PBXFileReference; includeInIndex = 1; lastKnownFileType = text.xcconfig; name = "Pods-chimichamba.release.xcconfig"; path = "Pods/Target Support Files/Pods-chimichamba/Pods-chimichamba.release.xcconfig"; sourceTree = "<group>"; };
		85134CD8E52B549AE13C53D0 /* Pods-chimichamba.debug.xcconfig */ = {isa = PBXFileReference; includeInIndex = 1; lastKnownFileType = text.xcconfig; name = "Pods-chimichamba.debug.xcconfig"; path = "Pods/Target Support Files/Pods-chimichamba/Pods-chimichamba.debug.xcconfig"; sourceTree = "<group>"; };
		D9B17ED0A59320EFF2F4C384 /* libPods-chimichamba.a */ = {isa = PBXFileReference; explicitFileType = archive.ar; includeInIndex = 0; path = "libPods-chimichamba.a"; sourceTree = BUILT_PRODUCTS_DIR; };
		DA0A202D1CBFD8B200F08C7A /* chimichamba.app */ = {isa = PBXFileReference; explicitFileType = wrapper.application; includeInIndex = 0; path = chimichamba.app; sourceTree = BUILT_PRODUCTS_DIR; };
		DA2913841CBFE4C300A66DCC /* brand.xcassets */ = {isa = PBXFileReference; lastKnownFileType = folder.assetcatalog; path = brand.xcassets; sourceTree = "<group>"; };
		DA2913861CBFF0A400A66DCC /* clanding.h */ = {isa = PBXFileReference; fileEncoding = 4; lastKnownFileType = sourcecode.c.h; path = clanding.h; sourceTree = "<group>"; };
		DA2913871CBFF0A400A66DCC /* clanding.m */ = {isa = PBXFileReference; fileEncoding = 4; lastKnownFileType = sourcecode.c.objc; path = clanding.m; sourceTree = "<group>"; };
		DA2913891CBFF2A300A66DCC /* vlanding.h */ = {isa = PBXFileReference; fileEncoding = 4; lastKnownFileType = sourcecode.c.h; path = vlanding.h; sourceTree = "<group>"; };
		DA29138A1CBFF2A300A66DCC /* vlanding.m */ = {isa = PBXFileReference; fileEncoding = 4; lastKnownFileType = sourcecode.c.objc; path = vlanding.m; sourceTree = "<group>"; };
		DA29138D1CBFF4A300A66DCC /* clogin.h */ = {isa = PBXFileReference; fileEncoding = 4; lastKnownFileType = sourcecode.c.h; path = clogin.h; sourceTree = "<group>"; };
		DA29138E1CBFF4A300A66DCC /* clogin.m */ = {isa = PBXFileReference; fileEncoding = 4; lastKnownFileType = sourcecode.c.objc; path = clogin.m; sourceTree = "<group>"; };
		DA2913911CBFF4E400A66DCC /* vlogin.h */ = {isa = PBXFileReference; fileEncoding = 4; lastKnownFileType = sourcecode.c.h; path = vlogin.h; sourceTree = "<group>"; };
		DA2913921CBFF4E400A66DCC /* vlogin.m */ = {isa = PBXFileReference; fileEncoding = 4; lastKnownFileType = sourcecode.c.objc; path = vlogin.m; sourceTree = "<group>"; };
		DA2913941CBFFF1500A66DCC /* uibutton+uibuttonmain.h */ = {isa = PBXFileReference; fileEncoding = 4; lastKnownFileType = sourcecode.c.h; path = "uibutton+uibuttonmain.h"; sourceTree = "<group>"; };
		DA2913951CBFFF1500A66DCC /* uibutton+uibuttonmain.m */ = {isa = PBXFileReference; fileEncoding = 4; lastKnownFileType = sourcecode.c.objc; path = "uibutton+uibuttonmain.m"; sourceTree = "<group>"; };
		DA2913991CC0055200A66DCC /* cprofile.h */ = {isa = PBXFileReference; fileEncoding = 4; lastKnownFileType = sourcecode.c.h; path = cprofile.h; sourceTree = "<group>"; };
		DA29139A1CC0055200A66DCC /* cprofile.m */ = {isa = PBXFileReference; fileEncoding = 4; lastKnownFileType = sourcecode.c.objc; path = cprofile.m; sourceTree = "<group>"; };
		DA29139C1CC0056300A66DCC /* vprofile.h */ = {isa = PBXFileReference; fileEncoding = 4; lastKnownFileType = sourcecode.c.h; path = vprofile.h; sourceTree = "<group>"; };
		DA29139D1CC0056300A66DCC /* vprofile.m */ = {isa = PBXFileReference; fileEncoding = 4; lastKnownFileType = sourcecode.c.objc; path = vprofile.m; sourceTree = "<group>"; };
		DA29139F1CC0066E00A66DCC /* generic.xcassets */ = {isa = PBXFileReference; lastKnownFileType = folder.assetcatalog; path = generic.xcassets; sourceTree = "<group>"; };
		DA2913A11CC0079500A66DCC /* vchimi.h */ = {isa = PBXFileReference; fileEncoding = 4; lastKnownFileType = sourcecode.c.h; path = vchimi.h; sourceTree = "<group>"; };
		DA2913A21CC0079500A66DCC /* vchimi.m */ = {isa = PBXFileReference; fileEncoding = 4; lastKnownFileType = sourcecode.c.objc; path = vchimi.m; sourceTree = "<group>"; };
		DA2913A41CC02AD800A66DCC /* vprofilebar.h */ = {isa = PBXFileReference; fileEncoding = 4; lastKnownFileType = sourcecode.c.h; path = vprofilebar.h; sourceTree = "<group>"; };
		DA2913A51CC02AD800A66DCC /* vprofilebar.m */ = {isa = PBXFileReference; fileEncoding = 4; lastKnownFileType = sourcecode.c.objc; path = vprofilebar.m; sourceTree = "<group>"; };
		DA2913A71CC0340300A66DCC /* vprofilepicture.h */ = {isa = PBXFileReference; fileEncoding = 4; lastKnownFileType = sourcecode.c.h; path = vprofilepicture.h; sourceTree = "<group>"; };
		DA2913A81CC0340300A66DCC /* vprofilepicture.m */ = {isa = PBXFileReference; fileEncoding = 4; lastKnownFileType = sourcecode.c.objc; path = vprofilepicture.m; sourceTree = "<group>"; };
		DA2913AA1CC039DC00A66DCC /* profile.xcassets */ = {isa = PBXFileReference; lastKnownFileType = folder.assetcatalog; path = profile.xcassets; sourceTree = "<group>"; };
		DA2913AC1CC04A4C00A66DCC /* vprofilealert.h */ = {isa = PBXFileReference; fileEncoding = 4; lastKnownFileType = sourcecode.c.h; path = vprofilealert.h; sourceTree = "<group>"; };
		DA2913AD1CC04A4C00A66DCC /* vprofilealert.m */ = {isa = PBXFileReference; fileEncoding = 4; lastKnownFileType = sourcecode.c.objc; path = vprofilealert.m; sourceTree = "<group>"; };
		DA2913AF1CC0526200A66DCC /* vprofilename.h */ = {isa = PBXFileReference; fileEncoding = 4; lastKnownFileType = sourcecode.c.h; path = vprofilename.h; sourceTree = "<group>"; };
		DA2913B01CC0526200A66DCC /* vprofilename.m */ = {isa = PBXFileReference; fileEncoding = 4; lastKnownFileType = sourcecode.c.objc; path = vprofilename.m; sourceTree = "<group>"; };
		DA2913B31CC0592B00A66DCC /* cemployee.h */ = {isa = PBXFileReference; fileEncoding = 4; lastKnownFileType = sourcecode.c.h; path = cemployee.h; sourceTree = "<group>"; };
		DA2913B41CC0592B00A66DCC /* cemployee.m */ = {isa = PBXFileReference; fileEncoding = 4; lastKnownFileType = sourcecode.c.objc; path = cemployee.m; sourceTree = "<group>"; };
		DA2913B71CC0594900A66DCC /* vemployee.h */ = {isa = PBXFileReference; fileEncoding = 4; lastKnownFileType = sourcecode.c.h; path = vemployee.h; sourceTree = "<group>"; };
		DA2913B81CC0594900A66DCC /* vemployee.m */ = {isa = PBXFileReference; fileEncoding = 4; lastKnownFileType = sourcecode.c.objc; path = vemployee.m; sourceTree = "<group>"; };
		DA2913BA1CC061D700A66DCC /* vemployeebar.h */ = {isa = PBXFileReference; fileEncoding = 4; lastKnownFileType = sourcecode.c.h; path = vemployeebar.h; sourceTree = "<group>"; };
		DA2913BB1CC061D700A66DCC /* vemployeebar.m */ = {isa = PBXFileReference; fileEncoding = 4; lastKnownFileType = sourcecode.c.objc; path = vemployeebar.m; sourceTree = "<group>"; };
		DA2913BD1CC06DB800A66DCC /* vemployeecell.h */ = {isa = PBXFileReference; fileEncoding = 4; lastKnownFileType = sourcecode.c.h; path = vemployeecell.h; sourceTree = "<group>"; };
		DA2913BE1CC06DB800A66DCC /* vemployeecell.m */ = {isa = PBXFileReference; fileEncoding = 4; lastKnownFileType = sourcecode.c.objc; path = vemployeecell.m; sourceTree = "<group>"; };
		DA3E77241CC58E1400840500 /* vemployeeskillbar.h */ = {isa = PBXFileReference; fileEncoding = 4; lastKnownFileType = sourcecode.c.h; path = vemployeeskillbar.h; sourceTree = "<group>"; };
		DA3E77251CC58E1400840500 /* vemployeeskillbar.m */ = {isa = PBXFileReference; fileEncoding = 4; lastKnownFileType = sourcecode.c.objc; path = vemployeeskillbar.m; sourceTree = "<group>"; };
		DA3E77271CC58F6900840500 /* vemployeeskillcell.h */ = {isa = PBXFileReference; fileEncoding = 4; lastKnownFileType = sourcecode.c.h; path = vemployeeskillcell.h; sourceTree = "<group>"; };
		DA3E77281CC58F6900840500 /* vemployeeskillcell.m */ = {isa = PBXFileReference; fileEncoding = 4; lastKnownFileType = sourcecode.c.objc; path = vemployeeskillcell.m; sourceTree = "<group>"; };
		DA3E772A1CC591E100840500 /* vemployeeskillheader.h */ = {isa = PBXFileReference; fileEncoding = 4; lastKnownFileType = sourcecode.c.h; path = vemployeeskillheader.h; sourceTree = "<group>"; };
		DA3E772B1CC591E100840500 /* vemployeeskillheader.m */ = {isa = PBXFileReference; fileEncoding = 4; lastKnownFileType = sourcecode.c.objc; path = vemployeeskillheader.m; sourceTree = "<group>"; };
		DA6C498E1CBFDC0E00406C44 /* chimichamba.db */ = {isa = PBXFileReference; fileEncoding = 4; lastKnownFileType = text; path = chimichamba.db; sourceTree = "<group>"; };
		DA6C49911CBFDC0E00406C44 /* analytics.plist */ = {isa = PBXFileReference; fileEncoding = 4; lastKnownFileType = text.plist.xml; path = analytics.plist; sourceTree = "<group>"; };
		DA6C49921CBFDC0E00406C44 /* defs.plist */ = {isa = PBXFileReference; fileEncoding = 4; lastKnownFileType = text.plist.xml; path = defs.plist; sourceTree = "<group>"; };
		DA6C49941CBFDC0E00406C44 /* en */ = {isa = PBXFileReference; lastKnownFileType = text.plist.strings; name = en; path = en.lproj/Localizable.strings; sourceTree = "<group>"; };
		DA6C49951CBFDC0E00406C44 /* es */ = {isa = PBXFileReference; lastKnownFileType = text.plist.strings; name = es; path = es.lproj/Localizable.strings; sourceTree = "<group>"; };
		DA6C49981CBFDC0E00406C44 /* appdel.h */ = {isa = PBXFileReference; fileEncoding = 4; lastKnownFileType = sourcecode.c.h; path = appdel.h; sourceTree = "<group>"; };
		DA6C49991CBFDC0E00406C44 /* appdel.m */ = {isa = PBXFileReference; fileEncoding = 4; lastKnownFileType = sourcecode.c.objc; path = appdel.m; sourceTree = "<group>"; };
		DA6C499A1CBFDC0E00406C44 /* Info.plist */ = {isa = PBXFileReference; fileEncoding = 4; lastKnownFileType = text.plist.xml; path = Info.plist; sourceTree = "<group>"; };
		DA6C499B1CBFDC0E00406C44 /* main.m */ = {isa = PBXFileReference; fileEncoding = 4; lastKnownFileType = sourcecode.c.objc; path = main.m; sourceTree = "<group>"; };
		DA6C499D1CBFDC0E00406C44 /* analytics.h */ = {isa = PBXFileReference; fileEncoding = 4; lastKnownFileType = sourcecode.c.h; path = analytics.h; sourceTree = "<group>"; };
		DA6C499E1CBFDC0E00406C44 /* analytics.m */ = {isa = PBXFileReference; fileEncoding = 4; lastKnownFileType = sourcecode.c.objc; path = analytics.m; sourceTree = "<group>"; };
		DA6C499F1CBFDC0E00406C44 /* genericconstants.h */ = {isa = PBXFileReference; fileEncoding = 4; lastKnownFileType = sourcecode.c.h; path = genericconstants.h; sourceTree = "<group>"; };
		DA6C49A01CBFDC0E00406C44 /* nsnotification+nsnotificationmain.h */ = {isa = PBXFileReference; fileEncoding = 4; lastKnownFileType = sourcecode.c.h; path = "nsnotification+nsnotificationmain.h"; sourceTree = "<group>"; };
		DA6C49A11CBFDC0E00406C44 /* nsnotification+nsnotificationmain.m */ = {isa = PBXFileReference; fileEncoding = 4; lastKnownFileType = sourcecode.c.objc; path = "nsnotification+nsnotificationmain.m"; sourceTree = "<group>"; };
		DA6C49A21CBFDC0E00406C44 /* tools.h */ = {isa = PBXFileReference; fileEncoding = 4; lastKnownFileType = sourcecode.c.h; path = tools.h; sourceTree = "<group>"; };
		DA6C49A31CBFDC0E00406C44 /* tools.m */ = {isa = PBXFileReference; fileEncoding = 4; lastKnownFileType = sourcecode.c.objc; path = tools.m; sourceTree = "<group>"; };
		DA6C49A41CBFDC0E00406C44 /* uicolor+uicolormain.h */ = {isa = PBXFileReference; fileEncoding = 4; lastKnownFileType = sourcecode.c.h; path = "uicolor+uicolormain.h"; sourceTree = "<group>"; };
		DA6C49A51CBFDC0E00406C44 /* uicolor+uicolormain.m */ = {isa = PBXFileReference; fileEncoding = 4; lastKnownFileType = sourcecode.c.objc; path = "uicolor+uicolormain.m"; sourceTree = "<group>"; };
		DA6C49A61CBFDC0E00406C44 /* uifont+uifontmain.h */ = {isa = PBXFileReference; fileEncoding = 4; lastKnownFileType = sourcecode.c.h; path = "uifont+uifontmain.h"; sourceTree = "<group>"; };
		DA6C49A71CBFDC0E00406C44 /* uifont+uifontmain.m */ = {isa = PBXFileReference; fileEncoding = 4; lastKnownFileType = sourcecode.c.objc; path = "uifont+uifontmain.m"; sourceTree = "<group>"; };
		DA6C49A81CBFDC0E00406C44 /* updater.h */ = {isa = PBXFileReference; fileEncoding = 4; lastKnownFileType = sourcecode.c.h; path = updater.h; sourceTree = "<group>"; };
		DA6C49A91CBFDC0E00406C44 /* updater.m */ = {isa = PBXFileReference; fileEncoding = 4; lastKnownFileType = sourcecode.c.objc; path = updater.m; sourceTree = "<group>"; };
		DA6C49AC1CBFDC0E00406C44 /* db.h */ = {isa = PBXFileReference; fileEncoding = 4; lastKnownFileType = sourcecode.c.h; path = db.h; sourceTree = "<group>"; };
		DA6C49AD1CBFDC0E00406C44 /* libdb.a */ = {isa = PBXFileReference; lastKnownFileType = archive.ar; path = libdb.a; sourceTree = "<group>"; };
		DA6C49AE1CBFDC0E00406C44 /* libtimerbg.a */ = {isa = PBXFileReference; lastKnownFileType = archive.ar; path = libtimerbg.a; sourceTree = "<group>"; };
		DA6C49B01CBFDC0E00406C44 /* timerbg.h */ = {isa = PBXFileReference; fileEncoding = 4; lastKnownFileType = sourcecode.c.h; path = timerbg.h; sourceTree = "<group>"; };
		DA6C49B61CBFDC0E00406C44 /* acall.h */ = {isa = PBXFileReference; fileEncoding = 4; lastKnownFileType = sourcecode.c.h; path = acall.h; sourceTree = "<group>"; };
		DA6C49B71CBFDC0E00406C44 /* acall.m */ = {isa = PBXFileReference; fileEncoding = 4; lastKnownFileType = sourcecode.c.objc; path = acall.m; sourceTree = "<group>"; };
		DA6C49B81CBFDC0E00406C44 /* acalldelegate.h */ = {isa = PBXFileReference; fileEncoding = 4; lastKnownFileType = sourcecode.c.h; path = acalldelegate.h; sourceTree = "<group>"; };
		DA6C49B91CBFDC0E00406C44 /* amanager.h */ = {isa = PBXFileReference; fileEncoding = 4; lastKnownFileType = sourcecode.c.h; path = amanager.h; sourceTree = "<group>"; };
		DA6C49BA1CBFDC0E00406C44 /* amanager.m */ = {isa = PBXFileReference; fileEncoding = 4; lastKnownFileType = sourcecode.c.objc; path = amanager.m; sourceTree = "<group>"; };
		DA6C49BC1CBFDC0E00406C44 /* aparser.h */ = {isa = PBXFileReference; fileEncoding = 4; lastKnownFileType = sourcecode.c.h; path = aparser.h; sourceTree = "<group>"; };
		DA6C49BD1CBFDC0E00406C44 /* aparser.m */ = {isa = PBXFileReference; fileEncoding = 4; lastKnownFileType = sourcecode.c.objc; path = aparser.m; sourceTree = "<group>"; };
		DA6C49C21CBFDC0E00406C44 /* cmain.h */ = {isa = PBXFileReference; fileEncoding = 4; lastKnownFileType = sourcecode.c.h; path = cmain.h; sourceTree = "<group>"; };
		DA6C49C31CBFDC0E00406C44 /* cmain.m */ = {isa = PBXFileReference; fileEncoding = 4; lastKnownFileType = sourcecode.c.objc; path = cmain.m; sourceTree = "<group>"; };
		DA6C49C41CBFDC0E00406C44 /* cpages.h */ = {isa = PBXFileReference; fileEncoding = 4; lastKnownFileType = sourcecode.c.h; path = cpages.h; sourceTree = "<group>"; };
		DA6C49C51CBFDC0E00406C44 /* cpages.m */ = {isa = PBXFileReference; fileEncoding = 4; lastKnownFileType = sourcecode.c.objc; path = cpages.m; sourceTree = "<group>"; };
		DA6C49CB1CBFDC0E00406C44 /* mdb.h */ = {isa = PBXFileReference; fileEncoding = 4; lastKnownFileType = sourcecode.c.h; path = mdb.h; sourceTree = "<group>"; };
		DA6C49CC1CBFDC0E00406C44 /* mdb.m */ = {isa = PBXFileReference; fileEncoding = 4; lastKnownFileType = sourcecode.c.objc; path = mdb.m; sourceTree = "<group>"; };
		DA6C49CD1CBFDC0E00406C44 /* mdbcreate.h */ = {isa = PBXFileReference; fileEncoding = 4; lastKnownFileType = sourcecode.c.h; path = mdbcreate.h; sourceTree = "<group>"; };
		DA6C49CE1CBFDC0E00406C44 /* mdbcreate.m */ = {isa = PBXFileReference; fileEncoding = 4; lastKnownFileType = sourcecode.c.objc; path = mdbcreate.m; sourceTree = "<group>"; };
		DA6C49D01CBFDC0E00406C44 /* mdirs.h */ = {isa = PBXFileReference; fileEncoding = 4; lastKnownFileType = sourcecode.c.h; path = mdirs.h; sourceTree = "<group>"; };
		DA6C49D11CBFDC0E00406C44 /* mdirs.m */ = {isa = PBXFileReference; fileEncoding = 4; lastKnownFileType = sourcecode.c.objc; path = mdirs.m; sourceTree = "<group>"; };
		DA6C49D31CBFDC0E00406C44 /* mgeneral.h */ = {isa = PBXFileReference; fileEncoding = 4; lastKnownFileType = sourcecode.c.h; path = mgeneral.h; sourceTree = "<group>"; };
		DA6C49D41CBFDC0E00406C44 /* msettings.h */ = {isa = PBXFileReference; fileEncoding = 4; lastKnownFileType = sourcecode.c.h; path = msettings.h; sourceTree = "<group>"; };
		DA6C49D51CBFDC0E00406C44 /* msettings.m */ = {isa = PBXFileReference; fileEncoding = 4; lastKnownFileType = sourcecode.c.objc; path = msettings.m; sourceTree = "<group>"; };
		DA6C49E41CBFDC0E00406C44 /* valert.h */ = {isa = PBXFileReference; fileEncoding = 4; lastKnownFileType = sourcecode.c.h; path = valert.h; sourceTree = "<group>"; };
		DA6C49E51CBFDC0E00406C44 /* valert.m */ = {isa = PBXFileReference; fileEncoding = 4; lastKnownFileType = sourcecode.c.objc; path = valert.m; sourceTree = "<group>"; };
		DA6C49E61CBFDC0E00406C44 /* vblur.h */ = {isa = PBXFileReference; fileEncoding = 4; lastKnownFileType = sourcecode.c.h; path = vblur.h; sourceTree = "<group>"; };
		DA6C49E71CBFDC0E00406C44 /* vblur.m */ = {isa = PBXFileReference; fileEncoding = 4; lastKnownFileType = sourcecode.c.objc; path = vblur.m; sourceTree = "<group>"; };
		DA6C49EA1CBFDC0E00406C44 /* vspinner.h */ = {isa = PBXFileReference; fileEncoding = 4; lastKnownFileType = sourcecode.c.h; path = vspinner.h; sourceTree = "<group>"; };
		DA6C49EB1CBFDC0E00406C44 /* vspinner.m */ = {isa = PBXFileReference; fileEncoding = 4; lastKnownFileType = sourcecode.c.objc; path = vspinner.m; sourceTree = "<group>"; };
		DA6C4A211CBFDD2D00406C44 /* privateconstants.h */ = {isa = PBXFileReference; fileEncoding = 4; lastKnownFileType = sourcecode.c.h; path = privateconstants.h; sourceTree = "<group>"; };
		DA8F3E481CC51B2900DE2749 /* memployee.h */ = {isa = PBXFileReference; fileEncoding = 4; lastKnownFileType = sourcecode.c.h; path = memployee.h; sourceTree = "<group>"; };
		DA8F3E491CC51B2900DE2749 /* memployee.m */ = {isa = PBXFileReference; fileEncoding = 4; lastKnownFileType = sourcecode.c.objc; path = memployee.m; sourceTree = "<group>"; };
		DA8F3E4B1CC51B4700DE2749 /* memployeeitem.h */ = {isa = PBXFileReference; fileEncoding = 4; lastKnownFileType = sourcecode.c.h; path = memployeeitem.h; sourceTree = "<group>"; };
		DA8F3E4C1CC51B4700DE2749 /* memployeeitem.m */ = {isa = PBXFileReference; fileEncoding = 4; lastKnownFileType = sourcecode.c.objc; path = memployeeitem.m; sourceTree = "<group>"; };
		DA8F3E4E1CC51B7B00DE2749 /* memployeeitemacademics.h */ = {isa = PBXFileReference; fileEncoding = 4; lastKnownFileType = sourcecode.c.h; path = memployeeitemacademics.h; sourceTree = "<group>"; };
		DA8F3E4F1CC51B7B00DE2749 /* memployeeitemacademics.m */ = {isa = PBXFileReference; fileEncoding = 4; lastKnownFileType = sourcecode.c.objc; path = memployeeitemacademics.m; sourceTree = "<group>"; };
		DA8F3E511CC51BF300DE2749 /* memployeeitemskill.h */ = {isa = PBXFileReference; fileEncoding = 4; lastKnownFileType = sourcecode.c.h; path = memployeeitemskill.h; sourceTree = "<group>"; };
		DA8F3E521CC51BF300DE2749 /* memployeeitemskill.m */ = {isa = PBXFileReference; fileEncoding = 4; lastKnownFileType = sourcecode.c.objc; path = memployeeitemskill.m; sourceTree = "<group>"; };
		DA8F3E541CC51C0000DE2749 /* memployeeitemexperience.h */ = {isa = PBXFileReference; fileEncoding = 4; lastKnownFileType = sourcecode.c.h; path = memployeeitemexperience.h; sourceTree = "<group>"; };
		DA8F3E551CC51C0000DE2749 /* memployeeitemexperience.m */ = {isa = PBXFileReference; fileEncoding = 4; lastKnownFileType = sourcecode.c.objc; path = memployeeitemexperience.m; sourceTree = "<group>"; };
		DA8F3E571CC51C0F00DE2749 /* memployeeitemdescr.h */ = {isa = PBXFileReference; fileEncoding = 4; lastKnownFileType = sourcecode.c.h; path = memployeeitemdescr.h; sourceTree = "<group>"; };
		DA8F3E581CC51C0F00DE2749 /* memployeeitemdescr.m */ = {isa = PBXFileReference; fileEncoding = 4; lastKnownFileType = sourcecode.c.objc; path = memployeeitemdescr.m; sourceTree = "<group>"; };
		DA8F3E5A1CC51C2E00DE2749 /* memployeeitemlocation.h */ = {isa = PBXFileReference; fileEncoding = 4; lastKnownFileType = sourcecode.c.h; path = memployeeitemlocation.h; sourceTree = "<group>"; };
		DA8F3E5B1CC51C2E00DE2749 /* memployeeitemlocation.m */ = {isa = PBXFileReference; fileEncoding = 4; lastKnownFileType = sourcecode.c.objc; path = memployeeitemlocation.m; sourceTree = "<group>"; };
		DA8F3E5D1CC51F6E00DE2749 /* vemployeecellacademics.h */ = {isa = PBXFileReference; fileEncoding = 4; lastKnownFileType = sourcecode.c.h; path = vemployeecellacademics.h; sourceTree = "<group>"; };
		DA8F3E5E1CC51F6E00DE2749 /* vemployeecellacademics.m */ = {isa = PBXFileReference; fileEncoding = 4; lastKnownFileType = sourcecode.c.objc; path = vemployeecellacademics.m; sourceTree = "<group>"; };
		DA8F3E601CC51FAC00DE2749 /* vemployeecellskill.h */ = {isa = PBXFileReference; fileEncoding = 4; lastKnownFileType = sourcecode.c.h; path = vemployeecellskill.h; sourceTree = "<group>"; };
		DA8F3E611CC51FAC00DE2749 /* vemployeecellskill.m */ = {isa = PBXFileReference; fileEncoding = 4; lastKnownFileType = sourcecode.c.objc; path = vemployeecellskill.m; sourceTree = "<group>"; };
		DA8F3E631CC51FB700DE2749 /* vemployeecellexperience.h */ = {isa = PBXFileReference; fileEncoding = 4; lastKnownFileType = sourcecode.c.h; path = vemployeecellexperience.h; sourceTree = "<group>"; };
		DA8F3E641CC51FB700DE2749 /* vemployeecellexperience.m */ = {isa = PBXFileReference; fileEncoding = 4; lastKnownFileType = sourcecode.c.objc; path = vemployeecellexperience.m; sourceTree = "<group>"; };
		DA8F3E661CC51FC300DE2749 /* vemployeecelldescr.h */ = {isa = PBXFileReference; fileEncoding = 4; lastKnownFileType = sourcecode.c.h; path = vemployeecelldescr.h; sourceTree = "<group>"; };
		DA8F3E671CC51FC300DE2749 /* vemployeecelldescr.m */ = {isa = PBXFileReference; fileEncoding = 4; lastKnownFileType = sourcecode.c.objc; path = vemployeecelldescr.m; sourceTree = "<group>"; };
		DA8F3E691CC51FCE00DE2749 /* vemployeecelllocation.h */ = {isa = PBXFileReference; fileEncoding = 4; lastKnownFileType = sourcecode.c.h; path = vemployeecelllocation.h; sourceTree = "<group>"; };
		DA8F3E6A1CC51FCE00DE2749 /* vemployeecelllocation.m */ = {isa = PBXFileReference; fileEncoding = 4; lastKnownFileType = sourcecode.c.objc; path = vemployeecelllocation.m; sourceTree = "<group>"; };
		DA8F3E721CC53EED00DE2749 /* memployeeitemacademicsitem.h */ = {isa = PBXFileReference; fileEncoding = 4; lastKnownFileType = sourcecode.c.h; path = memployeeitemacademicsitem.h; sourceTree = "<group>"; };
		DA8F3E731CC53EED00DE2749 /* memployeeitemacademicsitem.m */ = {isa = PBXFileReference; fileEncoding = 4; lastKnownFileType = sourcecode.c.objc; path = memployeeitemacademicsitem.m; sourceTree = "<group>"; };
		DA8F3E751CC53F3100DE2749 /* memployeeitemacademicsitemhighschool.h */ = {isa = PBXFileReference; fileEncoding = 4; lastKnownFileType = sourcecode.c.h; path = memployeeitemacademicsitemhighschool.h; sourceTree = "<group>"; };
		DA8F3E761CC53F3100DE2749 /* memployeeitemacademicsitemhighschool.m */ = {isa = PBXFileReference; fileEncoding = 4; lastKnownFileType = sourcecode.c.objc; path = memployeeitemacademicsitemhighschool.m; sourceTree = "<group>"; };
		DA8F3E781CC53F9400DE2749 /* memployeeitemacademicsitembachelor.h */ = {isa = PBXFileReference; fileEncoding = 4; lastKnownFileType = sourcecode.c.h; path = memployeeitemacademicsitembachelor.h; sourceTree = "<group>"; };
		DA8F3E791CC53F9400DE2749 /* memployeeitemacademicsitembachelor.m */ = {isa = PBXFileReference; fileEncoding = 4; lastKnownFileType = sourcecode.c.objc; path = memployeeitemacademicsitembachelor.m; sourceTree = "<group>"; };
		DA8F3E7B1CC53FBC00DE2749 /* memployeeitemacademicsitempostgraduate.h */ = {isa = PBXFileReference; fileEncoding = 4; lastKnownFileType = sourcecode.c.h; path = memployeeitemacademicsitempostgraduate.h; sourceTree = "<group>"; };
		DA8F3E7C1CC53FBC00DE2749 /* memployeeitemacademicsitempostgraduate.m */ = {isa = PBXFileReference; fileEncoding = 4; lastKnownFileType = sourcecode.c.objc; path = memployeeitemacademicsitempostgraduate.m; sourceTree = "<group>"; };
		DA8F3E7E1CC53FC500DE2749 /* memployeeitemacademicsitemother.h */ = {isa = PBXFileReference; fileEncoding = 4; lastKnownFileType = sourcecode.c.h; path = memployeeitemacademicsitemother.h; sourceTree = "<group>"; };
		DA8F3E7F1CC53FC500DE2749 /* memployeeitemacademicsitemother.m */ = {isa = PBXFileReference; fileEncoding = 4; lastKnownFileType = sourcecode.c.objc; path = memployeeitemacademicsitemother.m; sourceTree = "<group>"; };
		DA8F3E811CC55B6700DE2749 /* employee.xcassets */ = {isa = PBXFileReference; lastKnownFileType = folder.assetcatalog; path = employee.xcassets; sourceTree = "<group>"; };
		DA8F3E831CC572A300DE2749 /* cemployeeskill.h */ = {isa = PBXFileReference; fileEncoding = 4; lastKnownFileType = sourcecode.c.h; path = cemployeeskill.h; sourceTree = "<group>"; };
		DA8F3E841CC572A300DE2749 /* cemployeeskill.m */ = {isa = PBXFileReference; fileEncoding = 4; lastKnownFileType = sourcecode.c.objc; path = cemployeeskill.m; sourceTree = "<group>"; };
		DA8F3E8A1CC573D900DE2749 /* vemployeeskill.h */ = {isa = PBXFileReference; fileEncoding = 4; lastKnownFileType = sourcecode.c.h; path = vemployeeskill.h; sourceTree = "<group>"; };
		DA8F3E8B1CC573D900DE2749 /* vemployeeskill.m */ = {isa = PBXFileReference; fileEncoding = 4; lastKnownFileType = sourcecode.c.objc; path = vemployeeskill.m; sourceTree = "<group>"; };
		DA8F3E8E1CC581CD00DE2749 /* mskill.h */ = {isa = PBXFileReference; fileEncoding = 4; lastKnownFileType = sourcecode.c.h; path = mskill.h; sourceTree = "<group>"; };
		DA8F3E8F1CC581CD00DE2749 /* mskill.m */ = {isa = PBXFileReference; fileEncoding = 4; lastKnownFileType = sourcecode.c.objc; path = mskill.m; sourceTree = "<group>"; };
		DA8F3E911CC581D900DE2749 /* mskillcat.h */ = {isa = PBXFileReference; fileEncoding = 4; lastKnownFileType = sourcecode.c.h; path = mskillcat.h; sourceTree = "<group>"; };
		DA8F3E921CC581D900DE2749 /* mskillcat.m */ = {isa = PBXFileReference; fileEncoding = 4; lastKnownFileType = sourcecode.c.objc; path = mskillcat.m; sourceTree = "<group>"; };
		DA8F3E941CC581F700DE2749 /* mskillcatprofession.h */ = {isa = PBXFileReference; fileEncoding = 4; lastKnownFileType = sourcecode.c.h; path = mskillcatprofession.h; sourceTree = "<group>"; };
		DA8F3E951CC581F700DE2749 /* mskillcatprofession.m */ = {isa = PBXFileReference; fileEncoding = 4; lastKnownFileType = sourcecode.c.objc; path = mskillcatprofession.m; sourceTree = "<group>"; };
		DA8F3E971CC5820300DE2749 /* mskillcattrade.h */ = {isa = PBXFileReference; fileEncoding = 4; lastKnownFileType = sourcecode.c.h; path = mskillcattrade.h; sourceTree = "<group>"; };
		DA8F3E981CC5820300DE2749 /* mskillcattrade.m */ = {isa = PBXFileReference; fileEncoding = 4; lastKnownFileType = sourcecode.c.objc; path = mskillcattrade.m; sourceTree = "<group>"; };
		DA8F3E9A1CC5828E00DE2749 /* mskillitem.h */ = {isa = PBXFileReference; fileEncoding = 4; lastKnownFileType = sourcecode.c.h; path = mskillitem.h; sourceTree = "<group>"; };
		DA8F3E9B1CC5828E00DE2749 /* mskillitem.m */ = {isa = PBXFileReference; fileEncoding = 4; lastKnownFileType = sourcecode.c.objc; path = mskillitem.m; sourceTree = "<group>"; };
		DA8F3E9D1CC583F500DE2749 /* mskillitemprofessor.h */ = {isa = PBXFileReference; fileEncoding = 4; lastKnownFileType = sourcecode.c.h; path = mskillitemprofessor.h; sourceTree = "<group>"; };
		DA8F3E9E1CC583F500DE2749 /* mskillitemprofessor.m */ = {isa = PBXFileReference; fileEncoding = 4; lastKnownFileType = sourcecode.c.objc; path = mskillitemprofessor.m; sourceTree = "<group>"; };
		DA8F3EA01CC5840700DE2749 /* mskillitemdoctor.h */ = {isa = PBXFileReference; fileEncoding = 4; lastKnownFileType = sourcecode.c.h; path = mskillitemdoctor.h; sourceTree = "<group>"; };
		DA8F3EA11CC5840700DE2749 /* mskillitemdoctor.m */ = {isa = PBXFileReference; fileEncoding = 4; lastKnownFileType = sourcecode.c.objc; path = mskillitemdoctor.m; sourceTree = "<group>"; };
		DA8F3EA31CC5841A00DE2749 /* mskillitemcarpenter.h */ = {isa = PBXFileReference; fileEncoding = 4; lastKnownFileType = sourcecode.c.h; path = mskillitemcarpenter.h; sourceTree = "<group>"; };
		DA8F3EA41CC5841A00DE2749 /* mskillitemcarpenter.m */ = {isa = PBXFileReference; fileEncoding = 4; lastKnownFileType = sourcecode.c.objc; path = mskillitemcarpenter.m; sourceTree = "<group>"; };
		DA8F3EA61CC5842500DE2749 /* mskillitemmecanic.h */ = {isa = PBXFileReference; fileEncoding = 4; lastKnownFileType = sourcecode.c.h; path = mskillitemmecanic.h; sourceTree = "<group>"; };
		DA8F3EA71CC5842500DE2749 /* mskillitemmecanic.m */ = {isa = PBXFileReference; fileEncoding = 4; lastKnownFileType = sourcecode.c.objc; path = mskillitemmecanic.m; sourceTree = "<group>"; };
		DA8F3EA91CC5845400DE2749 /* mskillitemdesigner.h */ = {isa = PBXFileReference; fileEncoding = 4; lastKnownFileType = sourcecode.c.h; path = mskillitemdesigner.h; sourceTree = "<group>"; };
		DA8F3EAA1CC5845400DE2749 /* mskillitemdesigner.m */ = {isa = PBXFileReference; fileEncoding = 4; lastKnownFileType = sourcecode.c.objc; path = mskillitemdesigner.m; sourceTree = "<group>"; };
		DA8F3EAC1CC5845D00DE2749 /* mskillitemguard.h */ = {isa = PBXFileReference; fileEncoding = 4; lastKnownFileType = sourcecode.c.h; path = mskillitemguard.h; sourceTree = "<group>"; };
		DA8F3EAD1CC5845D00DE2749 /* mskillitemguard.m */ = {isa = PBXFileReference; fileEncoding = 4; lastKnownFileType = sourcecode.c.objc; path = mskillitemguard.m; sourceTree = "<group>"; };
		DA8F3EAF1CC5846700DE2749 /* mskillitemdriver.h */ = {isa = PBXFileReference; fileEncoding = 4; lastKnownFileType = sourcecode.c.h; path = mskillitemdriver.h; sourceTree = "<group>"; };
		DA8F3EB01CC5846700DE2749 /* mskillitemdriver.m */ = {isa = PBXFileReference; fileEncoding = 4; lastKnownFileType = sourcecode.c.objc; path = mskillitemdriver.m; sourceTree = "<group>"; };
		DA94A9B81CC7F7BD00828624 /* mskillitemplumber.h */ = {isa = PBXFileReference; fileEncoding = 4; lastKnownFileType = sourcecode.c.h; path = mskillitemplumber.h; sourceTree = "<group>"; };
		DA94A9B91CC7F7BD00828624 /* mskillitemplumber.m */ = {isa = PBXFileReference; fileEncoding = 4; lastKnownFileType = sourcecode.c.objc; path = mskillitemplumber.m; sourceTree = "<group>"; };
/* End PBXFileReference section */

/* Begin PBXFrameworksBuildPhase section */
		DA0A202A1CBFD8B200F08C7A /* Frameworks */ = {
			isa = PBXFrameworksBuildPhase;
			buildActionMask = 2147483647;
			files = (
				DA6C4A061CBFDC0E00406C44 /* libtimerbg.a in Frameworks */,
				DA6C4A051CBFDC0E00406C44 /* libdb.a in Frameworks */,
				E3E1C86EB9E23595BBF7A4E9 /* libPods-chimichamba.a in Frameworks */,
			);
			runOnlyForDeploymentPostprocessing = 0;
		};
/* End PBXFrameworksBuildPhase section */

/* Begin PBXGroup section */
		89717E8632609A283AE4309E /* Pods */ = {
			isa = PBXGroup;
			children = (
				85134CD8E52B549AE13C53D0 /* Pods-chimichamba.debug.xcconfig */,
				7C2AF7B3A6A1DC15F911521E /* Pods-chimichamba.release.xcconfig */,
			);
			name = Pods;
			sourceTree = "<group>";
		};
		9E0AB3BC333160646051D142 /* Frameworks */ = {
			isa = PBXGroup;
			children = (
				D9B17ED0A59320EFF2F4C384 /* libPods-chimichamba.a */,
			);
			name = Frameworks;
			sourceTree = "<group>";
		};
		DA0A20241CBFD8B200F08C7A = {
			isa = PBXGroup;
			children = (
				DA0A202F1CBFD8B200F08C7A /* chimichamba */,
				DA0A202E1CBFD8B200F08C7A /* Products */,
				89717E8632609A283AE4309E /* Pods */,
				9E0AB3BC333160646051D142 /* Frameworks */,
			);
			sourceTree = "<group>";
		};
		DA0A202E1CBFD8B200F08C7A /* Products */ = {
			isa = PBXGroup;
			children = (
				DA0A202D1CBFD8B200F08C7A /* chimichamba.app */,
			);
			name = Products;
			sourceTree = "<group>";
		};
		DA0A202F1CBFD8B200F08C7A /* chimichamba */ = {
			isa = PBXGroup;
			children = (
				DA6C498D1CBFDC0E00406C44 /* db */,
				DA6C498F1CBFDC0E00406C44 /* imateq */,
				DA6C49901CBFDC0E00406C44 /* langteq */,
				DA6C49961CBFDC0E00406C44 /* sourceteq */,
			);
			path = chimichamba;
			sourceTree = "<group>";
		};
		DA29138C1CBFF49A00A66DCC /* login */ = {
			isa = PBXGroup;
			children = (
				DA29138D1CBFF4A300A66DCC /* clogin.h */,
				DA29138E1CBFF4A300A66DCC /* clogin.m */,
			);
			path = login;
			sourceTree = "<group>";
		};
		DA2913901CBFF4DD00A66DCC /* login */ = {
			isa = PBXGroup;
			children = (
				DA2913911CBFF4E400A66DCC /* vlogin.h */,
				DA2913921CBFF4E400A66DCC /* vlogin.m */,
			);
			path = login;
			sourceTree = "<group>";
		};
		DA2913971CC0052600A66DCC /* profile */ = {
			isa = PBXGroup;
			children = (
				DA29139C1CC0056300A66DCC /* vprofile.h */,
				DA29139D1CC0056300A66DCC /* vprofile.m */,
				DA2913A41CC02AD800A66DCC /* vprofilebar.h */,
				DA2913A51CC02AD800A66DCC /* vprofilebar.m */,
				DA2913A71CC0340300A66DCC /* vprofilepicture.h */,
				DA2913A81CC0340300A66DCC /* vprofilepicture.m */,
				DA2913AF1CC0526200A66DCC /* vprofilename.h */,
				DA2913B01CC0526200A66DCC /* vprofilename.m */,
				DA2913AC1CC04A4C00A66DCC /* vprofilealert.h */,
				DA2913AD1CC04A4C00A66DCC /* vprofilealert.m */,
			);
			path = profile;
			sourceTree = "<group>";
		};
		DA2913981CC0054800A66DCC /* profile */ = {
			isa = PBXGroup;
			children = (
				DA2913991CC0055200A66DCC /* cprofile.h */,
				DA29139A1CC0055200A66DCC /* cprofile.m */,
			);
			path = profile;
			sourceTree = "<group>";
		};
		DA2913B21CC0592000A66DCC /* employee */ = {
			isa = PBXGroup;
			children = (
				DA2913B31CC0592B00A66DCC /* cemployee.h */,
				DA2913B41CC0592B00A66DCC /* cemployee.m */,
				DA8F3E831CC572A300DE2749 /* cemployeeskill.h */,
				DA8F3E841CC572A300DE2749 /* cemployeeskill.m */,
			);
			path = employee;
			sourceTree = "<group>";
		};
		DA2913B61CC0593E00A66DCC /* employee */ = {
			isa = PBXGroup;
			children = (
				DA2913B71CC0594900A66DCC /* vemployee.h */,
				DA2913B81CC0594900A66DCC /* vemployee.m */,
				DA2913BA1CC061D700A66DCC /* vemployeebar.h */,
				DA2913BB1CC061D700A66DCC /* vemployeebar.m */,
				DA2913BD1CC06DB800A66DCC /* vemployeecell.h */,
				DA2913BE1CC06DB800A66DCC /* vemployeecell.m */,
				DA8F3E5D1CC51F6E00DE2749 /* vemployeecellacademics.h */,
				DA8F3E5E1CC51F6E00DE2749 /* vemployeecellacademics.m */,
				DA8F3E601CC51FAC00DE2749 /* vemployeecellskill.h */,
				DA8F3E611CC51FAC00DE2749 /* vemployeecellskill.m */,
				DA8F3E631CC51FB700DE2749 /* vemployeecellexperience.h */,
				DA8F3E641CC51FB700DE2749 /* vemployeecellexperience.m */,
				DA8F3E661CC51FC300DE2749 /* vemployeecelldescr.h */,
				DA8F3E671CC51FC300DE2749 /* vemployeecelldescr.m */,
				DA8F3E691CC51FCE00DE2749 /* vemployeecelllocation.h */,
				DA8F3E6A1CC51FCE00DE2749 /* vemployeecelllocation.m */,
			);
			path = employee;
			sourceTree = "<group>";
		};
		DA6C498D1CBFDC0E00406C44 /* db */ = {
			isa = PBXGroup;
			children = (
				DA6C498E1CBFDC0E00406C44 /* chimichamba.db */,
			);
			path = db;
			sourceTree = "<group>";
		};
		DA6C498F1CBFDC0E00406C44 /* imateq */ = {
			isa = PBXGroup;
			children = (
				DA2913841CBFE4C300A66DCC /* brand.xcassets */,
				DA29139F1CC0066E00A66DCC /* generic.xcassets */,
				DA2913AA1CC039DC00A66DCC /* profile.xcassets */,
				DA8F3E811CC55B6700DE2749 /* employee.xcassets */,
			);
			path = imateq;
			sourceTree = "<group>";
		};
		DA6C49901CBFDC0E00406C44 /* langteq */ = {
			isa = PBXGroup;
			children = (
				DA6C49911CBFDC0E00406C44 /* analytics.plist */,
				DA6C49921CBFDC0E00406C44 /* defs.plist */,
				DA6C49931CBFDC0E00406C44 /* Localizable.strings */,
			);
			path = langteq;
			sourceTree = "<group>";
		};
		DA6C49961CBFDC0E00406C44 /* sourceteq */ = {
			isa = PBXGroup;
			children = (
				DA6C4A201CBFDD2D00406C44 /* private */,
				DA6C49971CBFDC0E00406C44 /* core */,
				DA6C499C1CBFDC0E00406C44 /* generic */,
				DA6C49AA1CBFDC0E00406C44 /* lib */,
				DA6C49B31CBFDC0E00406C44 /* source */,
			);
			path = sourceteq;
			sourceTree = "<group>";
		};
		DA6C49971CBFDC0E00406C44 /* core */ = {
			isa = PBXGroup;
			children = (
				DA6C49981CBFDC0E00406C44 /* appdel.h */,
				DA6C49991CBFDC0E00406C44 /* appdel.m */,
				DA6C499A1CBFDC0E00406C44 /* Info.plist */,
				DA6C499B1CBFDC0E00406C44 /* main.m */,
			);
			path = core;
			sourceTree = "<group>";
		};
		DA6C499C1CBFDC0E00406C44 /* generic */ = {
			isa = PBXGroup;
			children = (
				DA6C499D1CBFDC0E00406C44 /* analytics.h */,
				DA6C499E1CBFDC0E00406C44 /* analytics.m */,
				DA6C499F1CBFDC0E00406C44 /* genericconstants.h */,
				DA6C49A01CBFDC0E00406C44 /* nsnotification+nsnotificationmain.h */,
				DA6C49A11CBFDC0E00406C44 /* nsnotification+nsnotificationmain.m */,
				DA6C49A21CBFDC0E00406C44 /* tools.h */,
				DA6C49A31CBFDC0E00406C44 /* tools.m */,
				DA6C49A41CBFDC0E00406C44 /* uicolor+uicolormain.h */,
				DA6C49A51CBFDC0E00406C44 /* uicolor+uicolormain.m */,
				DA6C49A61CBFDC0E00406C44 /* uifont+uifontmain.h */,
				DA6C49A71CBFDC0E00406C44 /* uifont+uifontmain.m */,
				DA2913941CBFFF1500A66DCC /* uibutton+uibuttonmain.h */,
				DA2913951CBFFF1500A66DCC /* uibutton+uibuttonmain.m */,
				DA6C49A81CBFDC0E00406C44 /* updater.h */,
				DA6C49A91CBFDC0E00406C44 /* updater.m */,
			);
			path = generic;
			sourceTree = "<group>";
		};
		DA6C49AA1CBFDC0E00406C44 /* lib */ = {
			isa = PBXGroup;
			children = (
				DA6C49AB1CBFDC0E00406C44 /* db */,
				DA6C49AD1CBFDC0E00406C44 /* libdb.a */,
				DA6C49AE1CBFDC0E00406C44 /* libtimerbg.a */,
				DA6C49AF1CBFDC0E00406C44 /* timerbg */,
			);
			path = lib;
			sourceTree = "<group>";
		};
		DA6C49AB1CBFDC0E00406C44 /* db */ = {
			isa = PBXGroup;
			children = (
				DA6C49AC1CBFDC0E00406C44 /* db.h */,
			);
			path = db;
			sourceTree = "<group>";
		};
		DA6C49AF1CBFDC0E00406C44 /* timerbg */ = {
			isa = PBXGroup;
			children = (
				DA6C49B01CBFDC0E00406C44 /* timerbg.h */,
			);
			path = timerbg;
			sourceTree = "<group>";
		};
		DA6C49B31CBFDC0E00406C44 /* source */ = {
			isa = PBXGroup;
			children = (
				DA6C49B41CBFDC0E00406C44 /* a */,
				DA6C49BE1CBFDC0E00406C44 /* c */,
				DA6C49C91CBFDC0E00406C44 /* m */,
				DA6C49E11CBFDC0E00406C44 /* s */,
				DA6C49E21CBFDC0E00406C44 /* v */,
			);
			path = source;
			sourceTree = "<group>";
		};
		DA6C49B41CBFDC0E00406C44 /* a */ = {
			isa = PBXGroup;
			children = (
				DA6C49B51CBFDC0E00406C44 /* call */,
				DA6C49BB1CBFDC0E00406C44 /* parser */,
			);
			path = a;
			sourceTree = "<group>";
		};
		DA6C49B51CBFDC0E00406C44 /* call */ = {
			isa = PBXGroup;
			children = (
				DA6C49B61CBFDC0E00406C44 /* acall.h */,
				DA6C49B71CBFDC0E00406C44 /* acall.m */,
				DA6C49B81CBFDC0E00406C44 /* acalldelegate.h */,
				DA6C49B91CBFDC0E00406C44 /* amanager.h */,
				DA6C49BA1CBFDC0E00406C44 /* amanager.m */,
			);
			path = call;
			sourceTree = "<group>";
		};
		DA6C49BB1CBFDC0E00406C44 /* parser */ = {
			isa = PBXGroup;
			children = (
				DA6C49BC1CBFDC0E00406C44 /* aparser.h */,
				DA6C49BD1CBFDC0E00406C44 /* aparser.m */,
			);
			path = parser;
			sourceTree = "<group>";
		};
		DA6C49BE1CBFDC0E00406C44 /* c */ = {
			isa = PBXGroup;
			children = (
				DA2913B21CC0592000A66DCC /* employee */,
				DA2913981CC0054800A66DCC /* profile */,
				DA29138C1CBFF49A00A66DCC /* login */,
				DA6C49BF1CBFDC0E00406C44 /* main */,
			);
			path = c;
			sourceTree = "<group>";
		};
		DA6C49BF1CBFDC0E00406C44 /* main */ = {
			isa = PBXGroup;
			children = (
				DA6C49C21CBFDC0E00406C44 /* cmain.h */,
				DA6C49C31CBFDC0E00406C44 /* cmain.m */,
				DA6C49C41CBFDC0E00406C44 /* cpages.h */,
				DA6C49C51CBFDC0E00406C44 /* cpages.m */,
				DA2913861CBFF0A400A66DCC /* clanding.h */,
				DA2913871CBFF0A400A66DCC /* clanding.m */,
			);
			path = main;
			sourceTree = "<group>";
		};
		DA6C49C91CBFDC0E00406C44 /* m */ = {
			isa = PBXGroup;
			children = (
				DA8F3E8D1CC581C300DE2749 /* skill */,
				DA8F3E471CC51B1C00DE2749 /* employee */,
				DA6C49CA1CBFDC0E00406C44 /* db */,
				DA6C49CF1CBFDC0E00406C44 /* dirs */,
				DA6C49D21CBFDC0E00406C44 /* general */,
			);
			path = m;
			sourceTree = "<group>";
		};
		DA6C49CA1CBFDC0E00406C44 /* db */ = {
			isa = PBXGroup;
			children = (
				DA6C49CB1CBFDC0E00406C44 /* mdb.h */,
				DA6C49CC1CBFDC0E00406C44 /* mdb.m */,
				DA6C49CD1CBFDC0E00406C44 /* mdbcreate.h */,
				DA6C49CE1CBFDC0E00406C44 /* mdbcreate.m */,
			);
			path = db;
			sourceTree = "<group>";
		};
		DA6C49CF1CBFDC0E00406C44 /* dirs */ = {
			isa = PBXGroup;
			children = (
				DA6C49D01CBFDC0E00406C44 /* mdirs.h */,
				DA6C49D11CBFDC0E00406C44 /* mdirs.m */,
			);
			path = dirs;
			sourceTree = "<group>";
		};
		DA6C49D21CBFDC0E00406C44 /* general */ = {
			isa = PBXGroup;
			children = (
				DA6C49D31CBFDC0E00406C44 /* mgeneral.h */,
				DA6C49D41CBFDC0E00406C44 /* msettings.h */,
				DA6C49D51CBFDC0E00406C44 /* msettings.m */,
			);
			path = general;
			sourceTree = "<group>";
		};
		DA6C49E11CBFDC0E00406C44 /* s */ = {
			isa = PBXGroup;
			children = (
			);
			path = s;
			sourceTree = "<group>";
		};
		DA6C49E21CBFDC0E00406C44 /* v */ = {
			isa = PBXGroup;
			children = (
				DA8F3E891CC573D000DE2749 /* employeeskill */,
				DA2913B61CC0593E00A66DCC /* employee */,
				DA2913971CC0052600A66DCC /* profile */,
				DA2913901CBFF4DD00A66DCC /* login */,
				DA6C49E31CBFDC0E00406C44 /* general */,
				DA6C49EC1CBFDC0E00406C44 /* main */,
			);
			path = v;
			sourceTree = "<group>";
		};
		DA6C49E31CBFDC0E00406C44 /* general */ = {
			isa = PBXGroup;
			children = (
				DA6C49E41CBFDC0E00406C44 /* valert.h */,
				DA6C49E51CBFDC0E00406C44 /* valert.m */,
				DA6C49E61CBFDC0E00406C44 /* vblur.h */,
				DA6C49E71CBFDC0E00406C44 /* vblur.m */,
				DA6C49EA1CBFDC0E00406C44 /* vspinner.h */,
				DA6C49EB1CBFDC0E00406C44 /* vspinner.m */,
			);
			path = general;
			sourceTree = "<group>";
		};
		DA6C49EC1CBFDC0E00406C44 /* main */ = {
			isa = PBXGroup;
			children = (
				DA2913A11CC0079500A66DCC /* vchimi.h */,
				DA2913A21CC0079500A66DCC /* vchimi.m */,
				DA2913891CBFF2A300A66DCC /* vlanding.h */,
				DA29138A1CBFF2A300A66DCC /* vlanding.m */,
			);
			path = main;
			sourceTree = "<group>";
		};
		DA6C4A201CBFDD2D00406C44 /* private */ = {
			isa = PBXGroup;
			children = (
				DA6C4A211CBFDD2D00406C44 /* privateconstants.h */,
			);
			path = private;
			sourceTree = "<group>";
		};
		DA8F3E471CC51B1C00DE2749 /* employee */ = {
			isa = PBXGroup;
			children = (
				DA8F3E481CC51B2900DE2749 /* memployee.h */,
				DA8F3E491CC51B2900DE2749 /* memployee.m */,
				DA8F3E4B1CC51B4700DE2749 /* memployeeitem.h */,
				DA8F3E4C1CC51B4700DE2749 /* memployeeitem.m */,
				DA8F3E4E1CC51B7B00DE2749 /* memployeeitemacademics.h */,
				DA8F3E4F1CC51B7B00DE2749 /* memployeeitemacademics.m */,
				DA8F3E721CC53EED00DE2749 /* memployeeitemacademicsitem.h */,
				DA8F3E731CC53EED00DE2749 /* memployeeitemacademicsitem.m */,
				DA8F3E751CC53F3100DE2749 /* memployeeitemacademicsitemhighschool.h */,
				DA8F3E761CC53F3100DE2749 /* memployeeitemacademicsitemhighschool.m */,
				DA8F3E781CC53F9400DE2749 /* memployeeitemacademicsitembachelor.h */,
				DA8F3E791CC53F9400DE2749 /* memployeeitemacademicsitembachelor.m */,
				DA8F3E7B1CC53FBC00DE2749 /* memployeeitemacademicsitempostgraduate.h */,
				DA8F3E7C1CC53FBC00DE2749 /* memployeeitemacademicsitempostgraduate.m */,
				DA8F3E7E1CC53FC500DE2749 /* memployeeitemacademicsitemother.h */,
				DA8F3E7F1CC53FC500DE2749 /* memployeeitemacademicsitemother.m */,
				DA8F3E511CC51BF300DE2749 /* memployeeitemskill.h */,
				DA8F3E521CC51BF300DE2749 /* memployeeitemskill.m */,
				DA8F3E541CC51C0000DE2749 /* memployeeitemexperience.h */,
				DA8F3E551CC51C0000DE2749 /* memployeeitemexperience.m */,
				DA8F3E571CC51C0F00DE2749 /* memployeeitemdescr.h */,
				DA8F3E581CC51C0F00DE2749 /* memployeeitemdescr.m */,
				DA8F3E5A1CC51C2E00DE2749 /* memployeeitemlocation.h */,
				DA8F3E5B1CC51C2E00DE2749 /* memployeeitemlocation.m */,
			);
			path = employee;
			sourceTree = "<group>";
		};
		DA8F3E891CC573D000DE2749 /* employeeskill */ = {
			isa = PBXGroup;
			children = (
				DA8F3E8A1CC573D900DE2749 /* vemployeeskill.h */,
				DA8F3E8B1CC573D900DE2749 /* vemployeeskill.m */,
				DA3E77241CC58E1400840500 /* vemployeeskillbar.h */,
				DA3E77251CC58E1400840500 /* vemployeeskillbar.m */,
				DA3E77271CC58F6900840500 /* vemployeeskillcell.h */,
				DA3E77281CC58F6900840500 /* vemployeeskillcell.m */,
				DA3E772A1CC591E100840500 /* vemployeeskillheader.h */,
				DA3E772B1CC591E100840500 /* vemployeeskillheader.m */,
			);
			path = employeeskill;
			sourceTree = "<group>";
		};
		DA8F3E8D1CC581C300DE2749 /* skill */ = {
			isa = PBXGroup;
			children = (
				DA8F3E8E1CC581CD00DE2749 /* mskill.h */,
				DA8F3E8F1CC581CD00DE2749 /* mskill.m */,
				DA8F3E911CC581D900DE2749 /* mskillcat.h */,
				DA8F3E921CC581D900DE2749 /* mskillcat.m */,
				DA8F3E941CC581F700DE2749 /* mskillcatprofession.h */,
				DA8F3E951CC581F700DE2749 /* mskillcatprofession.m */,
				DA8F3E971CC5820300DE2749 /* mskillcattrade.h */,
				DA8F3E981CC5820300DE2749 /* mskillcattrade.m */,
				DA8F3E9A1CC5828E00DE2749 /* mskillitem.h */,
				DA8F3E9B1CC5828E00DE2749 /* mskillitem.m */,
				DA8F3E9D1CC583F500DE2749 /* mskillitemprofessor.h */,
				DA8F3E9E1CC583F500DE2749 /* mskillitemprofessor.m */,
				DA8F3EA01CC5840700DE2749 /* mskillitemdoctor.h */,
				DA8F3EA11CC5840700DE2749 /* mskillitemdoctor.m */,
				DA8F3EA31CC5841A00DE2749 /* mskillitemcarpenter.h */,
				DA8F3EA41CC5841A00DE2749 /* mskillitemcarpenter.m */,
				DA8F3EA61CC5842500DE2749 /* mskillitemmecanic.h */,
				DA8F3EA71CC5842500DE2749 /* mskillitemmecanic.m */,
				DA8F3EA91CC5845400DE2749 /* mskillitemdesigner.h */,
				DA8F3EAA1CC5845400DE2749 /* mskillitemdesigner.m */,
				DA8F3EAC1CC5845D00DE2749 /* mskillitemguard.h */,
				DA8F3EAD1CC5845D00DE2749 /* mskillitemguard.m */,
				DA8F3EAF1CC5846700DE2749 /* mskillitemdriver.h */,
				DA8F3EB01CC5846700DE2749 /* mskillitemdriver.m */,
				DA94A9B81CC7F7BD00828624 /* mskillitemplumber.h */,
				DA94A9B91CC7F7BD00828624 /* mskillitemplumber.m */,
			);
			path = skill;
			sourceTree = "<group>";
		};
/* End PBXGroup section */

/* Begin PBXNativeTarget section */
		DA0A202C1CBFD8B200F08C7A /* chimichamba */ = {
			isa = PBXNativeTarget;
			buildConfigurationList = DA0A20441CBFD8B300F08C7A /* Build configuration list for PBXNativeTarget "chimichamba" */;
			buildPhases = (
				042F0010603E8FD9927660EF /* Check Pods Manifest.lock */,
				DA0A20291CBFD8B200F08C7A /* Sources */,
				DA0A202A1CBFD8B200F08C7A /* Frameworks */,
				DA0A202B1CBFD8B200F08C7A /* Resources */,
				DA9EDCF5E54A2B7C16D3584F /* Embed Pods Frameworks */,
				3F8E83F4A5E5CABA6E4FC7A1 /* Copy Pods Resources */,
			);
			buildRules = (
			);
			dependencies = (
			);
			name = chimichamba;
			productName = chimichamba;
			productReference = DA0A202D1CBFD8B200F08C7A /* chimichamba.app */;
			productType = "com.apple.product-type.application";
		};
/* End PBXNativeTarget section */

/* Begin PBXProject section */
		DA0A20251CBFD8B200F08C7A /* Project object */ = {
			isa = PBXProject;
			attributes = {
				LastUpgradeCheck = 0730;
				ORGANIZATIONNAME = chimi;
				TargetAttributes = {
					DA0A202C1CBFD8B200F08C7A = {
						CreatedOnToolsVersion = 7.3;
					};
				};
			};
			buildConfigurationList = DA0A20281CBFD8B200F08C7A /* Build configuration list for PBXProject "chimichamba" */;
			compatibilityVersion = "Xcode 3.2";
			developmentRegion = English;
			hasScannedForEncodings = 0;
			knownRegions = (
				en,
				Base,
				es,
			);
			mainGroup = DA0A20241CBFD8B200F08C7A;
			productRefGroup = DA0A202E1CBFD8B200F08C7A /* Products */;
			projectDirPath = "";
			projectRoot = "";
			targets = (
				DA0A202C1CBFD8B200F08C7A /* chimichamba */,
			);
		};
/* End PBXProject section */

/* Begin PBXResourcesBuildPhase section */
		DA0A202B1CBFD8B200F08C7A /* Resources */ = {
			isa = PBXResourcesBuildPhase;
			buildActionMask = 2147483647;
			files = (
				DA6C49F81CBFDC0E00406C44 /* chimichamba.db in Resources */,
				DA2913851CBFE4C300A66DCC /* brand.xcassets in Resources */,
				DA6C49FB1CBFDC0E00406C44 /* Localizable.strings in Resources */,
				DA2913A01CC0066E00A66DCC /* generic.xcassets in Resources */,
				DA6C49FA1CBFDC0E00406C44 /* defs.plist in Resources */,
				DA8F3E821CC55B6700DE2749 /* employee.xcassets in Resources */,
				DA6C49F91CBFDC0E00406C44 /* analytics.plist in Resources */,
				DA2913AB1CC039DC00A66DCC /* profile.xcassets in Resources */,
			);
			runOnlyForDeploymentPostprocessing = 0;
		};
/* End PBXResourcesBuildPhase section */

/* Begin PBXShellScriptBuildPhase section */
		042F0010603E8FD9927660EF /* Check Pods Manifest.lock */ = {
			isa = PBXShellScriptBuildPhase;
			buildActionMask = 2147483647;
			files = (
			);
			inputPaths = (
			);
			name = "Check Pods Manifest.lock";
			outputPaths = (
			);
			runOnlyForDeploymentPostprocessing = 0;
			shellPath = /bin/sh;
			shellScript = "diff \"${PODS_ROOT}/../Podfile.lock\" \"${PODS_ROOT}/Manifest.lock\" > /dev/null\nif [[ $? != 0 ]] ; then\n    cat << EOM\nerror: The sandbox is not in sync with the Podfile.lock. Run 'pod install' or update your CocoaPods installation.\nEOM\n    exit 1\nfi\n";
			showEnvVarsInLog = 0;
		};
		3F8E83F4A5E5CABA6E4FC7A1 /* Copy Pods Resources */ = {
			isa = PBXShellScriptBuildPhase;
			buildActionMask = 2147483647;
			files = (
			);
			inputPaths = (
			);
			name = "Copy Pods Resources";
			outputPaths = (
			);
			runOnlyForDeploymentPostprocessing = 0;
			shellPath = /bin/sh;
			shellScript = "\"${SRCROOT}/Pods/Target Support Files/Pods-chimichamba/Pods-chimichamba-resources.sh\"\n";
			showEnvVarsInLog = 0;
		};
		DA9EDCF5E54A2B7C16D3584F /* Embed Pods Frameworks */ = {
			isa = PBXShellScriptBuildPhase;
			buildActionMask = 2147483647;
			files = (
			);
			inputPaths = (
			);
			name = "Embed Pods Frameworks";
			outputPaths = (
			);
			runOnlyForDeploymentPostprocessing = 0;
			shellPath = /bin/sh;
			shellScript = "\"${SRCROOT}/Pods/Target Support Files/Pods-chimichamba/Pods-chimichamba-frameworks.sh\"\n";
			showEnvVarsInLog = 0;
		};
/* End PBXShellScriptBuildPhase section */

/* Begin PBXSourcesBuildPhase section */
		DA0A20291CBFD8B200F08C7A /* Sources */ = {
			isa = PBXSourcesBuildPhase;
			buildActionMask = 2147483647;
			files = (
				DA6C49FE1CBFDC0E00406C44 /* main.m in Sources */,
				DA8F3E851CC572A300DE2749 /* cemployeeskill.m in Sources */,
				DA8F3E9C1CC5828E00DE2749 /* mskillitem.m in Sources */,
				DA8F3E501CC51B7B00DE2749 /* memployeeitemacademics.m in Sources */,
				DA6C4A041CBFDC0E00406C44 /* updater.m in Sources */,
				DA8F3E961CC581F700DE2749 /* mskillcatprofession.m in Sources */,
				DA2913931CBFF4E400A66DCC /* vlogin.m in Sources */,
				DA8F3E771CC53F3100DE2749 /* memployeeitemacademicsitemhighschool.m in Sources */,
				DA6C4A171CBFDC0E00406C44 /* valert.m in Sources */,
				DA2913BF1CC06DB800A66DCC /* vemployeecell.m in Sources */,
				DA6C4A0C1CBFDC0E00406C44 /* cpages.m in Sources */,
				DA2913961CBFFF1500A66DCC /* uibutton+uibuttonmain.m in Sources */,
				DA8F3E931CC581D900DE2749 /* mskillcat.m in Sources */,
				DA6C4A101CBFDC0E00406C44 /* mdirs.m in Sources */,
				DA8F3E4D1CC51B4700DE2749 /* memployeeitem.m in Sources */,
				DA2913BC1CC061D700A66DCC /* vemployeebar.m in Sources */,
				DA6C4A0E1CBFDC0E00406C44 /* mdb.m in Sources */,
				DA8F3E5C1CC51C2E00DE2749 /* memployeeitemlocation.m in Sources */,
				DA8F3E901CC581CD00DE2749 /* mskill.m in Sources */,
				DA8F3EB11CC5846700DE2749 /* mskillitemdriver.m in Sources */,
				DA8F3EA51CC5841A00DE2749 /* mskillitemcarpenter.m in Sources */,
				DA6C4A0F1CBFDC0E00406C44 /* mdbcreate.m in Sources */,
				DA8F3E621CC51FAC00DE2749 /* vemployeecellskill.m in Sources */,
				DA29139B1CC0055200A66DCC /* cprofile.m in Sources */,
				DA8F3E561CC51C0000DE2749 /* memployeeitemexperience.m in Sources */,
				DA6C4A031CBFDC0E00406C44 /* uifont+uifontmain.m in Sources */,
				DA2913A31CC0079500A66DCC /* vchimi.m in Sources */,
				DA94A9BA1CC7F7BD00828624 /* mskillitemplumber.m in Sources */,
				DA6C4A081CBFDC0E00406C44 /* amanager.m in Sources */,
				DA8F3E991CC5820300DE2749 /* mskillcattrade.m in Sources */,
				DA6C4A0B1CBFDC0E00406C44 /* cmain.m in Sources */,
				DA29138B1CBFF2A300A66DCC /* vlanding.m in Sources */,
				DA8F3E801CC53FC500DE2749 /* memployeeitemacademicsitemother.m in Sources */,
				DA8F3E7A1CC53F9400DE2749 /* memployeeitemacademicsitembachelor.m in Sources */,
				DA6C49FC1CBFDC0E00406C44 /* appdel.m in Sources */,
				DA8F3E681CC51FC300DE2749 /* vemployeecelldescr.m in Sources */,
				DA8F3EAE1CC5845D00DE2749 /* mskillitemguard.m in Sources */,
				DA3E77261CC58E1400840500 /* vemployeeskillbar.m in Sources */,
				DA3E772C1CC591E100840500 /* vemployeeskillheader.m in Sources */,
				DA6C4A111CBFDC0E00406C44 /* msettings.m in Sources */,
				DA8F3E5F1CC51F6E00DE2749 /* vemployeecellacademics.m in Sources */,
				DA8F3E741CC53EED00DE2749 /* memployeeitemacademicsitem.m in Sources */,
				DA8F3E591CC51C0F00DE2749 /* memployeeitemdescr.m in Sources */,
				DA2913B11CC0526200A66DCC /* vprofilename.m in Sources */,
				DA8F3E7D1CC53FBC00DE2749 /* memployeeitemacademicsitempostgraduate.m in Sources */,
				DA8F3EA21CC5840700DE2749 /* mskillitemdoctor.m in Sources */,
				DA8F3E8C1CC573D900DE2749 /* vemployeeskill.m in Sources */,
				DA2913A91CC0340300A66DCC /* vprofilepicture.m in Sources */,
				DA8F3E651CC51FB700DE2749 /* vemployeecellexperience.m in Sources */,
				DA6C4A021CBFDC0E00406C44 /* uicolor+uicolormain.m in Sources */,
				DA2913B91CC0594900A66DCC /* vemployee.m in Sources */,
				DA6C4A001CBFDC0E00406C44 /* nsnotification+nsnotificationmain.m in Sources */,
				DA8F3EAB1CC5845400DE2749 /* mskillitemdesigner.m in Sources */,
				DA8F3E6B1CC51FCE00DE2749 /* vemployeecelllocation.m in Sources */,
				DA2913AE1CC04A4C00A66DCC /* vprofilealert.m in Sources */,
				DA8F3E9F1CC583F500DE2749 /* mskillitemprofessor.m in Sources */,
				DA6C4A071CBFDC0E00406C44 /* acall.m in Sources */,
				DA29139E1CC0056300A66DCC /* vprofile.m in Sources */,
				DA2913881CBFF0A400A66DCC /* clanding.m in Sources */,
				DA6C4A091CBFDC0E00406C44 /* aparser.m in Sources */,
				DA6C4A011CBFDC0E00406C44 /* tools.m in Sources */,
				DA29138F1CBFF4A300A66DCC /* clogin.m in Sources */,
				DA6C49FF1CBFDC0E00406C44 /* analytics.m in Sources */,
				DA8F3EA81CC5842500DE2749 /* mskillitemmecanic.m in Sources */,
				DA8F3E531CC51BF300DE2749 /* memployeeitemskill.m in Sources */,
				DA6C4A1A1CBFDC0E00406C44 /* vspinner.m in Sources */,
				DA3E77291CC58F6900840500 /* vemployeeskillcell.m in Sources */,
				DA2913A61CC02AD800A66DCC /* vprofilebar.m in Sources */,
				DA6C4A181CBFDC0E00406C44 /* vblur.m in Sources */,
				DA8F3E4A1CC51B2900DE2749 /* memployee.m in Sources */,
				DA2913B51CC0592B00A66DCC /* cemployee.m in Sources */,
			);
			runOnlyForDeploymentPostprocessing = 0;
		};
/* End PBXSourcesBuildPhase section */

/* Begin PBXVariantGroup section */
		DA6C49931CBFDC0E00406C44 /* Localizable.strings */ = {
			isa = PBXVariantGroup;
			children = (
				DA6C49941CBFDC0E00406C44 /* en */,
				DA6C49951CBFDC0E00406C44 /* es */,
			);
			name = Localizable.strings;
			sourceTree = "<group>";
		};
/* End PBXVariantGroup section */

/* Begin XCBuildConfiguration section */
		DA0A20421CBFD8B300F08C7A /* Debug */ = {
			isa = XCBuildConfiguration;
			buildSettings = {
				ALWAYS_SEARCH_USER_PATHS = NO;
				CLANG_ANALYZER_NONNULL = YES;
				CLANG_CXX_LANGUAGE_STANDARD = "gnu++0x";
				CLANG_CXX_LIBRARY = "libc++";
				CLANG_ENABLE_MODULES = YES;
				CLANG_ENABLE_OBJC_ARC = YES;
				CLANG_WARN_BOOL_CONVERSION = YES;
				CLANG_WARN_CONSTANT_CONVERSION = YES;
				CLANG_WARN_DIRECT_OBJC_ISA_USAGE = YES_ERROR;
				CLANG_WARN_EMPTY_BODY = YES;
				CLANG_WARN_ENUM_CONVERSION = YES;
				CLANG_WARN_INT_CONVERSION = YES;
				CLANG_WARN_OBJC_ROOT_CLASS = YES_ERROR;
				CLANG_WARN_UNREACHABLE_CODE = YES;
				CLANG_WARN__DUPLICATE_METHOD_MATCH = YES;
				"CODE_SIGN_IDENTITY[sdk=iphoneos*]" = "iPhone Developer";
				COPY_PHASE_STRIP = NO;
				DEBUG_INFORMATION_FORMAT = dwarf;
				ENABLE_STRICT_OBJC_MSGSEND = YES;
				ENABLE_TESTABILITY = YES;
				GCC_C_LANGUAGE_STANDARD = gnu99;
				GCC_DYNAMIC_NO_PIC = NO;
				GCC_NO_COMMON_BLOCKS = YES;
				GCC_OPTIMIZATION_LEVEL = 0;
				GCC_PREPROCESSOR_DEFINITIONS = (
					"DEBUG=1",
					"$(inherited)",
				);
				GCC_WARN_64_TO_32_BIT_CONVERSION = YES;
				GCC_WARN_ABOUT_RETURN_TYPE = YES_ERROR;
				GCC_WARN_UNDECLARED_SELECTOR = YES;
				GCC_WARN_UNINITIALIZED_AUTOS = YES_AGGRESSIVE;
				GCC_WARN_UNUSED_FUNCTION = YES;
				GCC_WARN_UNUSED_VARIABLE = YES;
				IPHONEOS_DEPLOYMENT_TARGET = 7.0;
				MTL_ENABLE_DEBUG_INFO = YES;
				ONLY_ACTIVE_ARCH = YES;
				SDKROOT = iphoneos;
				TARGETED_DEVICE_FAMILY = "1,2";
			};
			name = Debug;
		};
		DA0A20431CBFD8B300F08C7A /* Release */ = {
			isa = XCBuildConfiguration;
			buildSettings = {
				ALWAYS_SEARCH_USER_PATHS = NO;
				CLANG_ANALYZER_NONNULL = YES;
				CLANG_CXX_LANGUAGE_STANDARD = "gnu++0x";
				CLANG_CXX_LIBRARY = "libc++";
				CLANG_ENABLE_MODULES = YES;
				CLANG_ENABLE_OBJC_ARC = YES;
				CLANG_WARN_BOOL_CONVERSION = YES;
				CLANG_WARN_CONSTANT_CONVERSION = YES;
				CLANG_WARN_DIRECT_OBJC_ISA_USAGE = YES_ERROR;
				CLANG_WARN_EMPTY_BODY = YES;
				CLANG_WARN_ENUM_CONVERSION = YES;
				CLANG_WARN_INT_CONVERSION = YES;
				CLANG_WARN_OBJC_ROOT_CLASS = YES_ERROR;
				CLANG_WARN_UNREACHABLE_CODE = YES;
				CLANG_WARN__DUPLICATE_METHOD_MATCH = YES;
				"CODE_SIGN_IDENTITY[sdk=iphoneos*]" = "iPhone Developer";
				COPY_PHASE_STRIP = NO;
				DEBUG_INFORMATION_FORMAT = "dwarf-with-dsym";
				ENABLE_NS_ASSERTIONS = NO;
				ENABLE_STRICT_OBJC_MSGSEND = YES;
				GCC_C_LANGUAGE_STANDARD = gnu99;
				GCC_NO_COMMON_BLOCKS = YES;
				GCC_WARN_64_TO_32_BIT_CONVERSION = YES;
				GCC_WARN_ABOUT_RETURN_TYPE = YES_ERROR;
				GCC_WARN_UNDECLARED_SELECTOR = YES;
				GCC_WARN_UNINITIALIZED_AUTOS = YES_AGGRESSIVE;
				GCC_WARN_UNUSED_FUNCTION = YES;
				GCC_WARN_UNUSED_VARIABLE = YES;
				IPHONEOS_DEPLOYMENT_TARGET = 7.0;
				MTL_ENABLE_DEBUG_INFO = NO;
				SDKROOT = iphoneos;
				TARGETED_DEVICE_FAMILY = "1,2";
				VALIDATE_PRODUCT = YES;
			};
			name = Release;
		};
		DA0A20451CBFD8B300F08C7A /* Debug */ = {
			isa = XCBuildConfiguration;
			baseConfigurationReference = 85134CD8E52B549AE13C53D0 /* Pods-chimichamba.debug.xcconfig */;
			buildSettings = {
				ASSETCATALOG_COMPILER_APPICON_NAME = AppIcon;
				ASSETCATALOG_COMPILER_LAUNCHIMAGE_NAME = "Brand Assets";
				ENABLE_BITCODE = NO;
				INFOPLIST_FILE = "$(SRCROOT)/chimichamba/sourceteq/core/Info.plist";
				LD_RUNPATH_SEARCH_PATHS = "$(inherited) @executable_path/Frameworks";
				LIBRARY_SEARCH_PATHS = (
					"$(inherited)",
					"$(PROJECT_DIR)/chimichamba/sourceteq/lib",
				);
				PRODUCT_BUNDLE_IDENTIFIER = chimi.chimichamba;
				PRODUCT_NAME = "$(TARGET_NAME)";
				TARGETED_DEVICE_FAMILY = "1,2";
			};
			name = Debug;
		};
		DA0A20461CBFD8B300F08C7A /* Release */ = {
			isa = XCBuildConfiguration;
			baseConfigurationReference = 7C2AF7B3A6A1DC15F911521E /* Pods-chimichamba.release.xcconfig */;
			buildSettings = {
				ASSETCATALOG_COMPILER_APPICON_NAME = AppIcon;
				ASSETCATALOG_COMPILER_LAUNCHIMAGE_NAME = "Brand Assets";
				ENABLE_BITCODE = NO;
				INFOPLIST_FILE = "$(SRCROOT)/chimichamba/sourceteq/core/Info.plist";
				LD_RUNPATH_SEARCH_PATHS = "$(inherited) @executable_path/Frameworks";
				LIBRARY_SEARCH_PATHS = (
					"$(inherited)",
					"$(PROJECT_DIR)/chimichamba/sourceteq/lib",
				);
				PRODUCT_BUNDLE_IDENTIFIER = chimi.chimichamba;
				PRODUCT_NAME = "$(TARGET_NAME)";
				TARGETED_DEVICE_FAMILY = "1,2";
			};
			name = Release;
		};
/* End XCBuildConfiguration section */

/* Begin XCConfigurationList section */
		DA0A20281CBFD8B200F08C7A /* Build configuration list for PBXProject "chimichamba" */ = {
			isa = XCConfigurationList;
			buildConfigurations = (
				DA0A20421CBFD8B300F08C7A /* Debug */,
				DA0A20431CBFD8B300F08C7A /* Release */,
			);
			defaultConfigurationIsVisible = 0;
			defaultConfigurationName = Release;
		};
		DA0A20441CBFD8B300F08C7A /* Build configuration list for PBXNativeTarget "chimichamba" */ = {
			isa = XCConfigurationList;
			buildConfigurations = (
				DA0A20451CBFD8B300F08C7A /* Debug */,
				DA0A20461CBFD8B300F08C7A /* Release */,
			);
			defaultConfigurationIsVisible = 0;
			defaultConfigurationName = Release;
		};
/* End XCConfigurationList section */
	};
	rootObject = DA0A20251CBFD8B200F08C7A /* Project object */;
}
